
Microsoft Visual Studio Solution File, Format Version 12.00
# Visual Studio Version 16
VisualStudioVersion = 16.0.31005.135
MinimumVisualStudioVersion = 10.0.40219.1
Project("{FAE04EC0-301F-11D3-BF4B-00C04F79EFBC}") = "TwainWpf", "TwainWpf\TwainWpf.csproj", "{8304C254-E3D2-4553-B596-F028B8D9B740}"
EndProject
Project("{FAE04EC0-301F-11D3-BF4B-00C04F79EFBC}") = "TestApp", "TestApp\TestApp.csproj", "{D0190577-838D-4ED2-8117-3746D1385CED}"
EndProject
Global
	GlobalSection(SolutionConfigurationPlatforms) = preSolution
		Debug|Any CPU = Debug|Any CPU
		Debug|x86 = Debug|x86
		Release|Any CPU = Release|Any CPU
		Release|x86 = Release|x86
	EndGlobalSection
	GlobalSection(ProjectConfigurationPlatforms) = postSolution
		{8304C254-E3D2-4553-B596-F028B8D9B740}.Debug|Any CPU.ActiveCfg = Debug|Any CPU
		{8304C254-E3D2-4553-B596-F028B8D9B740}.Debug|Any CPU.Build.0 = Debug|Any CPU
		{8304C254-E3D2-4553-B596-F028B8D9B740}.Debug|x86.ActiveCfg = Debug|x86
		{8304C254-E3D2-4553-B596-F028B8D9B740}.Debug|x86.Build.0 = Debug|x86
		{8304C254-E3D2-4553-B596-F028B8D9B740}.Release|Any CPU.ActiveCfg = Release|Any CPU
		{8304C254-E3D2-4553-B596-F028B8D9B740}.Release|Any CPU.Build.0 = Release|Any CPU
		{8304C254-E3D2-4553-B596-F028B8D9B740}.Release|x86.ActiveCfg = Release|x86
		{8304C254-E3D2-4553-B596-F028B8D9B740}.Release|x86.Build.0 = Release|x86
		{D0190577-838D-4ED2-8117-3746D1385CED}.Debug|Any CPU.ActiveCfg = Debug|Any CPU
		{D0190577-838D-4ED2-8117-3746D1385CED}.Debug|Any CPU.Build.0 = Debug|Any CPU
		{D0190577-838D-4ED2-8117-3746D1385CED}.Debug|x86.ActiveCfg = Debug|Any CPU
		{D0190577-838D-4ED2-8117-3746D1385CED}.Debug|x86.Build.0 = Debug|Any CPU
		{D0190577-838D-4ED2-8117-3746D1385CED}.Release|Any CPU.ActiveCfg = Release|Any CPU
		{D0190577-838D-4ED2-8117-3746D1385CED}.Release|Any CPU.Build.0 = Release|Any CPU
		{D0190577-838D-4ED2-8117-3746D1385CED}.Release|x86.ActiveCfg = Release|Any CPU
		{D0190577-838D-4ED2-8117-3746D1385CED}.Release|x86.Build.0 = Release|Any CPU
	EndGlobalSection
	GlobalSection(SolutionProperties) = preSolution
		HideSolutionNode = FALSE
	EndGlobalSection
	GlobalSection(ExtensibilityGlobals) = postSolution
		SolutionGuid = {4FC17405-1A1A-4DF5-8FB3-CD4F99382D09}
	EndGlobalSection
EndGlobal
